// !$*UTF8*$!
{
	archiveVersion = 1;
	classes = {
	};
	objectVersion = 46;
	objects = {

/* Begin PBXBuildFile section */
		235778B71A23293B004CDFED /* BuiltLoginTests.m in Sources */ = {isa = PBXBuildFile; fileRef = 235778B61A23293B004CDFED /* BuiltLoginTests.m */; };
		422EFDAD18F969D900E389D4 /* HomeViewController.m in Sources */ = {isa = PBXBuildFile; fileRef = 422EFDAC18F969D900E389D4 /* HomeViewController.m */; };
		424FF7B718FBA85100B3046C /* LoginViewController.m in Sources */ = {isa = PBXBuildFile; fileRef = 424FF7B618FBA85100B3046C /* LoginViewController.m */; };
		424FF7B918FBBD6400B3046C /* builtio-logo.png in Resources */ = {isa = PBXBuildFile; fileRef = 424FF7B818FBBD6400B3046C /* builtio-logo.png */; };
		7DA603BE18BDC24000ACB80D /* Foundation.framework in Frameworks */ = {isa = PBXBuildFile; fileRef = 7DA603BD18BDC24000ACB80D /* Foundation.framework */; };
		7DA603C018BDC24000ACB80D /* CoreGraphics.framework in Frameworks */ = {isa = PBXBuildFile; fileRef = 7DA603BF18BDC24000ACB80D /* CoreGraphics.framework */; };
		7DA603C218BDC24000ACB80D /* UIKit.framework in Frameworks */ = {isa = PBXBuildFile; fileRef = 7DA603C118BDC24000ACB80D /* UIKit.framework */; };
		7DA603C818BDC24000ACB80D /* InfoPlist.strings in Resources */ = {isa = PBXBuildFile; fileRef = 7DA603C618BDC24000ACB80D /* InfoPlist.strings */; };
		7DA603CA18BDC24000ACB80D /* main.m in Sources */ = {isa = PBXBuildFile; fileRef = 7DA603C918BDC24000ACB80D /* main.m */; };
		7DA603CE18BDC24000ACB80D /* AppDelegate.m in Sources */ = {isa = PBXBuildFile; fileRef = 7DA603CD18BDC24000ACB80D /* AppDelegate.m */; };
		7DA603D018BDC24000ACB80D /* Images.xcassets in Resources */ = {isa = PBXBuildFile; fileRef = 7DA603CF18BDC24000ACB80D /* Images.xcassets */; };
		7DA603ED18BDC27E00ACB80D /* SystemConfiguration.framework in Frameworks */ = {isa = PBXBuildFile; fileRef = 7DA603EC18BDC27E00ACB80D /* SystemConfiguration.framework */; };
		7DA603EF18BDC28C00ACB80D /* Twitter.framework in Frameworks */ = {isa = PBXBuildFile; fileRef = 7DA603EE18BDC28C00ACB80D /* Twitter.framework */; };
		7DA603F118BDC29C00ACB80D /* Social.framework in Frameworks */ = {isa = PBXBuildFile; fileRef = 7DA603F018BDC29C00ACB80D /* Social.framework */; };
		7DA603F318BDC2A400ACB80D /* Accounts.framework in Frameworks */ = {isa = PBXBuildFile; fileRef = 7DA603F218BDC2A400ACB80D /* Accounts.framework */; };
		7DA603F518BDC2AD00ACB80D /* CoreLocation.framework in Frameworks */ = {isa = PBXBuildFile; fileRef = 7DA603F418BDC2AD00ACB80D /* CoreLocation.framework */; };
		7DA603F718BDC2B600ACB80D /* CFNetwork.framework in Frameworks */ = {isa = PBXBuildFile; fileRef = 7DA603F618BDC2B600ACB80D /* CFNetwork.framework */; };
		7DA603F918BDC2C100ACB80D /* CoreTelephony.framework in Frameworks */ = {isa = PBXBuildFile; fileRef = 7DA603F818BDC2C100ACB80D /* CoreTelephony.framework */; };
		7DA603FB18BDC2C900ACB80D /* Security.framework in Frameworks */ = {isa = PBXBuildFile; fileRef = 7DA603FA18BDC2C900ACB80D /* Security.framework */; };
		7DA603FD18BDC2D400ACB80D /* QuartzCore.framework in Frameworks */ = {isa = PBXBuildFile; fileRef = 7DA603FC18BDC2D400ACB80D /* QuartzCore.framework */; };
		BAEA7F3D1918E76400011DD7 /* BuiltIO.bundle in Resources */ = {isa = PBXBuildFile; fileRef = BAEA7F3B1918E76400011DD7 /* BuiltIO.bundle */; };
		BAEA7F3E1918E76400011DD7 /* BuiltIO.framework in Frameworks */ = {isa = PBXBuildFile; fileRef = BAEA7F3C1918E76400011DD7 /* BuiltIO.framework */; };
		FAA946061A9EE72100677E45 /* CoreFoundation.framework in Frameworks */ = {isa = PBXBuildFile; fileRef = FAA946051A9EE72100677E45 /* CoreFoundation.framework */; };
		FAA946081A9EE72800677E45 /* CoreData.framework in Frameworks */ = {isa = PBXBuildFile; fileRef = FAA946071A9EE72800677E45 /* CoreData.framework */; };
		FAA9460A1A9EE75F00677E45 /* libsqlite3.dylib in Frameworks */ = {isa = PBXBuildFile; fileRef = FAA946091A9EE75F00677E45 /* libsqlite3.dylib */; };
		FAA9460C1A9EE76E00677E45 /* libc++.dylib in Frameworks */ = {isa = PBXBuildFile; fileRef = FAA9460B1A9EE76E00677E45 /* libc++.dylib */; };
		FAA9460E1A9EE79100677E45 /* libicucore.dylib in Frameworks */ = {isa = PBXBuildFile; fileRef = FAA9460D1A9EE79100677E45 /* libicucore.dylib */; };
		FAA946101A9EE87600677E45 /* MobileCoreServices.framework in Frameworks */ = {isa = PBXBuildFile; fileRef = FAA9460F1A9EE87600677E45 /* MobileCoreServices.framework */; };
/* End PBXBuildFile section */

/* Begin PBXContainerItemProxy section */
		235778B81A23293B004CDFED /* PBXContainerItemProxy */ = {
			isa = PBXContainerItemProxy;
			containerPortal = 7DA603B218BDC24000ACB80D /* Project object */;
			proxyType = 1;
			remoteGlobalIDString = 7DA603B918BDC24000ACB80D;
			remoteInfo = BuiltLogin;
		};
/* End PBXContainerItemProxy section */

/* Begin PBXFileReference section */
		235778B21A23293B004CDFED /* BuiltLoginTests.xctest */ = {isa = PBXFileReference; explicitFileType = wrapper.cfbundle; includeInIndex = 0; path = BuiltLoginTests.xctest; sourceTree = BUILT_PRODUCTS_DIR; };
		235778B51A23293B004CDFED /* Info.plist */ = {isa = PBXFileReference; lastKnownFileType = text.plist.xml; path = Info.plist; sourceTree = "<group>"; };
		235778B61A23293B004CDFED /* BuiltLoginTests.m */ = {isa = PBXFileReference; lastKnownFileType = sourcecode.c.objc; path = BuiltLoginTests.m; sourceTree = "<group>"; };
		422EFDAB18F969D900E389D4 /* HomeViewController.h */ = {isa = PBXFileReference; fileEncoding = 4; lastKnownFileType = sourcecode.c.h; path = HomeViewController.h; sourceTree = "<group>"; };
		422EFDAC18F969D900E389D4 /* HomeViewController.m */ = {isa = PBXFileReference; fileEncoding = 4; lastKnownFileType = sourcecode.c.objc; path = HomeViewController.m; sourceTree = "<group>"; };
		424FF7B518FBA85100B3046C /* LoginViewController.h */ = {isa = PBXFileReference; fileEncoding = 4; lastKnownFileType = sourcecode.c.h; path = LoginViewController.h; sourceTree = "<group>"; };
		424FF7B618FBA85100B3046C /* LoginViewController.m */ = {isa = PBXFileReference; fileEncoding = 4; lastKnownFileType = sourcecode.c.objc; path = LoginViewController.m; sourceTree = "<group>"; };
		424FF7B818FBBD6400B3046C /* builtio-logo.png */ = {isa = PBXFileReference; lastKnownFileType = image.png; path = "builtio-logo.png"; sourceTree = "<group>"; };
		7DA603BA18BDC24000ACB80D /* BuiltLogin.app */ = {isa = PBXFileReference; explicitFileType = wrapper.application; includeInIndex = 0; path = BuiltLogin.app; sourceTree = BUILT_PRODUCTS_DIR; };
		7DA603BD18BDC24000ACB80D /* Foundation.framework */ = {isa = PBXFileReference; lastKnownFileType = wrapper.framework; name = Foundation.framework; path = System/Library/Frameworks/Foundation.framework; sourceTree = SDKROOT; };
		7DA603BF18BDC24000ACB80D /* CoreGraphics.framework */ = {isa = PBXFileReference; lastKnownFileType = wrapper.framework; name = CoreGraphics.framework; path = System/Library/Frameworks/CoreGraphics.framework; sourceTree = SDKROOT; };
		7DA603C118BDC24000ACB80D /* UIKit.framework */ = {isa = PBXFileReference; lastKnownFileType = wrapper.framework; name = UIKit.framework; path = System/Library/Frameworks/UIKit.framework; sourceTree = SDKROOT; };
		7DA603C518BDC24000ACB80D /* BuiltLogin-Info.plist */ = {isa = PBXFileReference; lastKnownFileType = text.plist.xml; path = "BuiltLogin-Info.plist"; sourceTree = "<group>"; };
		7DA603C718BDC24000ACB80D /* en */ = {isa = PBXFileReference; lastKnownFileType = text.plist.strings; name = en; path = en.lproj/InfoPlist.strings; sourceTree = "<group>"; };
		7DA603C918BDC24000ACB80D /* main.m */ = {isa = PBXFileReference; lastKnownFileType = sourcecode.c.objc; path = main.m; sourceTree = "<group>"; };
		7DA603CB18BDC24000ACB80D /* BuiltLogin-Prefix.pch */ = {isa = PBXFileReference; lastKnownFileType = sourcecode.c.h; path = "BuiltLogin-Prefix.pch"; sourceTree = "<group>"; };
		7DA603CC18BDC24000ACB80D /* AppDelegate.h */ = {isa = PBXFileReference; lastKnownFileType = sourcecode.c.h; path = AppDelegate.h; sourceTree = "<group>"; };
		7DA603CD18BDC24000ACB80D /* AppDelegate.m */ = {isa = PBXFileReference; lastKnownFileType = sourcecode.c.objc; path = AppDelegate.m; sourceTree = "<group>"; };
		7DA603CF18BDC24000ACB80D /* Images.xcassets */ = {isa = PBXFileReference; lastKnownFileType = folder.assetcatalog; path = Images.xcassets; sourceTree = "<group>"; };
		7DA603D618BDC24000ACB80D /* XCTest.framework */ = {isa = PBXFileReference; lastKnownFileType = wrapper.framework; name = XCTest.framework; path = Library/Frameworks/XCTest.framework; sourceTree = DEVELOPER_DIR; };
		7DA603EC18BDC27E00ACB80D /* SystemConfiguration.framework */ = {isa = PBXFileReference; lastKnownFileType = wrapper.framework; name = SystemConfiguration.framework; path = System/Library/Frameworks/SystemConfiguration.framework; sourceTree = SDKROOT; };
		7DA603EE18BDC28C00ACB80D /* Twitter.framework */ = {isa = PBXFileReference; lastKnownFileType = wrapper.framework; name = Twitter.framework; path = System/Library/Frameworks/Twitter.framework; sourceTree = SDKROOT; };
		7DA603F018BDC29C00ACB80D /* Social.framework */ = {isa = PBXFileReference; lastKnownFileType = wrapper.framework; name = Social.framework; path = System/Library/Frameworks/Social.framework; sourceTree = SDKROOT; };
		7DA603F218BDC2A400ACB80D /* Accounts.framework */ = {isa = PBXFileReference; lastKnownFileType = wrapper.framework; name = Accounts.framework; path = System/Library/Frameworks/Accounts.framework; sourceTree = SDKROOT; };
		7DA603F418BDC2AD00ACB80D /* CoreLocation.framework */ = {isa = PBXFileReference; lastKnownFileType = wrapper.framework; name = CoreLocation.framework; path = System/Library/Frameworks/CoreLocation.framework; sourceTree = SDKROOT; };
		7DA603F618BDC2B600ACB80D /* CFNetwork.framework */ = {isa = PBXFileReference; lastKnownFileType = wrapper.framework; name = CFNetwork.framework; path = System/Library/Frameworks/CFNetwork.framework; sourceTree = SDKROOT; };
		7DA603F818BDC2C100ACB80D /* CoreTelephony.framework */ = {isa = PBXFileReference; lastKnownFileType = wrapper.framework; name = CoreTelephony.framework; path = System/Library/Frameworks/CoreTelephony.framework; sourceTree = SDKROOT; };
		7DA603FA18BDC2C900ACB80D /* Security.framework */ = {isa = PBXFileReference; lastKnownFileType = wrapper.framework; name = Security.framework; path = System/Library/Frameworks/Security.framework; sourceTree = SDKROOT; };
		7DA603FC18BDC2D400ACB80D /* QuartzCore.framework */ = {isa = PBXFileReference; lastKnownFileType = wrapper.framework; name = QuartzCore.framework; path = System/Library/Frameworks/QuartzCore.framework; sourceTree = SDKROOT; };
		BAEA7F3B1918E76400011DD7 /* BuiltIO.bundle */ = {isa = PBXFileReference; lastKnownFileType = "wrapper.plug-in"; name = BuiltIO.bundle; path = "../built.io-ios-framework/BuiltIO.bundle"; sourceTree = "<group>"; };
		BAEA7F3C1918E76400011DD7 /* BuiltIO.framework */ = {isa = PBXFileReference; lastKnownFileType = wrapper.framework; name = BuiltIO.framework; path = "../built.io-ios-framework/BuiltIO.framework"; sourceTree = "<group>"; };
		FAA946051A9EE72100677E45 /* CoreFoundation.framework */ = {isa = PBXFileReference; lastKnownFileType = wrapper.framework; name = CoreFoundation.framework; path = System/Library/Frameworks/CoreFoundation.framework; sourceTree = SDKROOT; };
		FAA946071A9EE72800677E45 /* CoreData.framework */ = {isa = PBXFileReference; lastKnownFileType = wrapper.framework; name = CoreData.framework; path = System/Library/Frameworks/CoreData.framework; sourceTree = SDKROOT; };
		FAA946091A9EE75F00677E45 /* libsqlite3.dylib */ = {isa = PBXFileReference; lastKnownFileType = "compiled.mach-o.dylib"; name = libsqlite3.dylib; path = usr/lib/libsqlite3.dylib; sourceTree = SDKROOT; };
		FAA9460B1A9EE76E00677E45 /* libc++.dylib */ = {isa = PBXFileReference; lastKnownFileType = "compiled.mach-o.dylib"; name = "libc++.dylib"; path = "usr/lib/libc++.dylib"; sourceTree = SDKROOT; };
		FAA9460D1A9EE79100677E45 /* libicucore.dylib */ = {isa = PBXFileReference; lastKnownFileType = "compiled.mach-o.dylib"; name = libicucore.dylib; path = usr/lib/libicucore.dylib; sourceTree = SDKROOT; };
		FAA9460F1A9EE87600677E45 /* MobileCoreServices.framework */ = {isa = PBXFileReference; lastKnownFileType = wrapper.framework; name = MobileCoreServices.framework; path = System/Library/Frameworks/MobileCoreServices.framework; sourceTree = SDKROOT; };
/* End PBXFileReference section */

/* Begin PBXFrameworksBuildPhase section */
		235778AF1A23293B004CDFED /* Frameworks */ = {
			isa = PBXFrameworksBuildPhase;
			buildActionMask = 2147483647;
			files = (
			);
			runOnlyForDeploymentPostprocessing = 0;
		};
		7DA603B718BDC24000ACB80D /* Frameworks */ = {
			isa = PBXFrameworksBuildPhase;
			buildActionMask = 2147483647;
			files = (
				FAA946101A9EE87600677E45 /* MobileCoreServices.framework in Frameworks */,
				FAA9460E1A9EE79100677E45 /* libicucore.dylib in Frameworks */,
				FAA9460C1A9EE76E00677E45 /* libc++.dylib in Frameworks */,
				FAA9460A1A9EE75F00677E45 /* libsqlite3.dylib in Frameworks */,
				FAA946081A9EE72800677E45 /* CoreData.framework in Frameworks */,
				FAA946061A9EE72100677E45 /* CoreFoundation.framework in Frameworks */,
				7DA603F318BDC2A400ACB80D /* Accounts.framework in Frameworks */,
				7DA603C018BDC24000ACB80D /* CoreGraphics.framework in Frameworks */,
				7DA603FD18BDC2D400ACB80D /* QuartzCore.framework in Frameworks */,
				7DA603FB18BDC2C900ACB80D /* Security.framework in Frameworks */,
				7DA603F918BDC2C100ACB80D /* CoreTelephony.framework in Frameworks */,
				7DA603F718BDC2B600ACB80D /* CFNetwork.framework in Frameworks */,
				7DA603F518BDC2AD00ACB80D /* CoreLocation.framework in Frameworks */,
				7DA603F118BDC29C00ACB80D /* Social.framework in Frameworks */,
				BAEA7F3E1918E76400011DD7 /* BuiltIO.framework in Frameworks */,
				7DA603EF18BDC28C00ACB80D /* Twitter.framework in Frameworks */,
				7DA603ED18BDC27E00ACB80D /* SystemConfiguration.framework in Frameworks */,
				7DA603C218BDC24000ACB80D /* UIKit.framework in Frameworks */,
				7DA603BE18BDC24000ACB80D /* Foundation.framework in Frameworks */,
			);
			runOnlyForDeploymentPostprocessing = 0;
		};
/* End PBXFrameworksBuildPhase section */

/* Begin PBXGroup section */
		235778B31A23293B004CDFED /* BuiltLoginTests */ = {
			isa = PBXGroup;
			children = (
				235778B61A23293B004CDFED /* BuiltLoginTests.m */,
				235778B41A23293B004CDFED /* Supporting Files */,
			);
			path = BuiltLoginTests;
			sourceTree = "<group>";
		};
		235778B41A23293B004CDFED /* Supporting Files */ = {
			isa = PBXGroup;
			children = (
				235778B51A23293B004CDFED /* Info.plist */,
			);
			name = "Supporting Files";
			sourceTree = "<group>";
		};
		7DA603B118BDC24000ACB80D = {
			isa = PBXGroup;
			children = (
				7DA603C318BDC24000ACB80D /* BuiltLoginTutorial */,
				235778B31A23293B004CDFED /* BuiltLoginTests */,
				7DA603BC18BDC24000ACB80D /* Frameworks */,
				7DA603BB18BDC24000ACB80D /* Products */,
			);
			sourceTree = "<group>";
		};
		7DA603BB18BDC24000ACB80D /* Products */ = {
			isa = PBXGroup;
			children = (
				7DA603BA18BDC24000ACB80D /* BuiltLogin.app */,
				235778B21A23293B004CDFED /* BuiltLoginTests.xctest */,
			);
			name = Products;
			sourceTree = "<group>";
		};
		7DA603BC18BDC24000ACB80D /* Frameworks */ = {
			isa = PBXGroup;
			children = (
				FAA9460F1A9EE87600677E45 /* MobileCoreServices.framework */,
				FAA9460D1A9EE79100677E45 /* libicucore.dylib */,
				FAA9460B1A9EE76E00677E45 /* libc++.dylib */,
				FAA946091A9EE75F00677E45 /* libsqlite3.dylib */,
				FAA946071A9EE72800677E45 /* CoreData.framework */,
				FAA946051A9EE72100677E45 /* CoreFoundation.framework */,
				BAEA7F3B1918E76400011DD7 /* BuiltIO.bundle */,
				BAEA7F3C1918E76400011DD7 /* BuiltIO.framework */,
				7DA603FC18BDC2D400ACB80D /* QuartzCore.framework */,
				7DA603FA18BDC2C900ACB80D /* Security.framework */,
				7DA603F818BDC2C100ACB80D /* CoreTelephony.framework */,
				7DA603F618BDC2B600ACB80D /* CFNetwork.framework */,
				7DA603F418BDC2AD00ACB80D /* CoreLocation.framework */,
				7DA603F218BDC2A400ACB80D /* Accounts.framework */,
				7DA603F018BDC29C00ACB80D /* Social.framework */,
				7DA603EE18BDC28C00ACB80D /* Twitter.framework */,
				7DA603EC18BDC27E00ACB80D /* SystemConfiguration.framework */,
				7DA603BD18BDC24000ACB80D /* Foundation.framework */,
				7DA603BF18BDC24000ACB80D /* CoreGraphics.framework */,
				7DA603C118BDC24000ACB80D /* UIKit.framework */,
				7DA603D618BDC24000ACB80D /* XCTest.framework */,
			);
			name = Frameworks;
			sourceTree = "<group>";
		};
		7DA603C318BDC24000ACB80D /* BuiltLoginTutorial */ = {
			isa = PBXGroup;
			children = (
				7DA603CC18BDC24000ACB80D /* AppDelegate.h */,
				7DA603CD18BDC24000ACB80D /* AppDelegate.m */,
				7DA603CF18BDC24000ACB80D /* Images.xcassets */,
				7DA603C418BDC24000ACB80D /* Supporting Files */,
				422EFDAB18F969D900E389D4 /* HomeViewController.h */,
				422EFDAC18F969D900E389D4 /* HomeViewController.m */,
				424FF7B518FBA85100B3046C /* LoginViewController.h */,
				424FF7B618FBA85100B3046C /* LoginViewController.m */,
			);
			path = BuiltLoginTutorial;
			sourceTree = "<group>";
		};
		7DA603C418BDC24000ACB80D /* Supporting Files */ = {
			isa = PBXGroup;
			children = (
				424FF7B818FBBD6400B3046C /* builtio-logo.png */,
				7DA603C518BDC24000ACB80D /* BuiltLogin-Info.plist */,
				7DA603C618BDC24000ACB80D /* InfoPlist.strings */,
				7DA603C918BDC24000ACB80D /* main.m */,
				7DA603CB18BDC24000ACB80D /* BuiltLogin-Prefix.pch */,
			);
			name = "Supporting Files";
			sourceTree = "<group>";
		};
/* End PBXGroup section */

/* Begin PBXNativeTarget section */
		235778B11A23293B004CDFED /* BuiltLoginTests */ = {
			isa = PBXNativeTarget;
			buildConfigurationList = 235778BA1A23293C004CDFED /* Build configuration list for PBXNativeTarget "BuiltLoginTests" */;
			buildPhases = (
				235778AE1A23293B004CDFED /* Sources */,
				235778AF1A23293B004CDFED /* Frameworks */,
				235778B01A23293B004CDFED /* Resources */,
			);
			buildRules = (
			);
			dependencies = (
				235778B91A23293B004CDFED /* PBXTargetDependency */,
			);
			name = BuiltLoginTests;
			productName = BuiltLoginTests;
			productReference = 235778B21A23293B004CDFED /* BuiltLoginTests.xctest */;
			productType = "com.apple.product-type.bundle.unit-test";
		};
		7DA603B918BDC24000ACB80D /* BuiltLogin */ = {
			isa = PBXNativeTarget;
			buildConfigurationList = 7DA603E618BDC24000ACB80D /* Build configuration list for PBXNativeTarget "BuiltLogin" */;
			buildPhases = (
				7DA603B618BDC24000ACB80D /* Sources */,
				7DA603B718BDC24000ACB80D /* Frameworks */,
				7DA603B818BDC24000ACB80D /* Resources */,
			);
			buildRules = (
			);
			dependencies = (
			);
			name = BuiltLogin;
			productName = FBLogInDemo;
			productReference = 7DA603BA18BDC24000ACB80D /* BuiltLogin.app */;
			productType = "com.apple.product-type.application";
		};
/* End PBXNativeTarget section */

/* Begin PBXProject section */
		7DA603B218BDC24000ACB80D /* Project object */ = {
			isa = PBXProject;
			attributes = {
				LastUpgradeCheck = 0500;
				ORGANIZATIONNAME = raweng;
				TargetAttributes = {
					235778B11A23293B004CDFED = {
						CreatedOnToolsVersion = 6.1;
						TestTargetID = 7DA603B918BDC24000ACB80D;
					};
				};
			};
			buildConfigurationList = 7DA603B518BDC24000ACB80D /* Build configuration list for PBXProject "BuiltLogin" */;
			compatibilityVersion = "Xcode 3.2";
			developmentRegion = English;
			hasScannedForEncodings = 0;
			knownRegions = (
				en,
			);
			mainGroup = 7DA603B118BDC24000ACB80D;
			productRefGroup = 7DA603BB18BDC24000ACB80D /* Products */;
			projectDirPath = "";
			projectRoot = "";
			targets = (
				7DA603B918BDC24000ACB80D /* BuiltLogin */,
				235778B11A23293B004CDFED /* BuiltLoginTests */,
			);
		};
/* End PBXProject section */

/* Begin PBXResourcesBuildPhase section */
		235778B01A23293B004CDFED /* Resources */ = {
			isa = PBXResourcesBuildPhase;
			buildActionMask = 2147483647;
			files = (
			);
			runOnlyForDeploymentPostprocessing = 0;
		};
		7DA603B818BDC24000ACB80D /* Resources */ = {
			isa = PBXResourcesBuildPhase;
			buildActionMask = 2147483647;
			files = (
				424FF7B918FBBD6400B3046C /* builtio-logo.png in Resources */,
				7DA603C818BDC24000ACB80D /* InfoPlist.strings in Resources */,
				7DA603D018BDC24000ACB80D /* Images.xcassets in Resources */,
				BAEA7F3D1918E76400011DD7 /* BuiltIO.bundle in Resources */,
			);
			runOnlyForDeploymentPostprocessing = 0;
		};
/* End PBXResourcesBuildPhase section */

/* Begin PBXSourcesBuildPhase section */
		235778AE1A23293B004CDFED /* Sources */ = {
			isa = PBXSourcesBuildPhase;
			buildActionMask = 2147483647;
			files = (
				235778B71A23293B004CDFED /* BuiltLoginTests.m in Sources */,
			);
			runOnlyForDeploymentPostprocessing = 0;
		};
		7DA603B618BDC24000ACB80D /* Sources */ = {
			isa = PBXSourcesBuildPhase;
			buildActionMask = 2147483647;
			files = (
				7DA603CE18BDC24000ACB80D /* AppDelegate.m in Sources */,
				7DA603CA18BDC24000ACB80D /* main.m in Sources */,
				422EFDAD18F969D900E389D4 /* HomeViewController.m in Sources */,
				424FF7B718FBA85100B3046C /* LoginViewController.m in Sources */,
			);
			runOnlyForDeploymentPostprocessing = 0;
		};
/* End PBXSourcesBuildPhase section */

/* Begin PBXTargetDependency section */
		235778B91A23293B004CDFED /* PBXTargetDependency */ = {
			isa = PBXTargetDependency;
			target = 7DA603B918BDC24000ACB80D /* BuiltLogin */;
			targetProxy = 235778B81A23293B004CDFED /* PBXContainerItemProxy */;
		};
/* End PBXTargetDependency section */

/* Begin PBXVariantGroup section */
		7DA603C618BDC24000ACB80D /* InfoPlist.strings */ = {
			isa = PBXVariantGroup;
			children = (
				7DA603C718BDC24000ACB80D /* en */,
			);
			name = InfoPlist.strings;
			sourceTree = "<group>";
		};
/* End PBXVariantGroup section */

/* Begin XCBuildConfiguration section */
		235778BB1A23293C004CDFED /* Debug */ = {
			isa = XCBuildConfiguration;
			buildSettings = {
				BUNDLE_LOADER = "$(TEST_HOST)";
				CLANG_WARN_UNREACHABLE_CODE = YES;
				ENABLE_STRICT_OBJC_MSGSEND = YES;
				FRAMEWORK_SEARCH_PATHS = (
					"$(SDKROOT)/Developer/Library/Frameworks",
					"$(inherited)",
				);
				GCC_PREPROCESSOR_DEFINITIONS = (
					"DEBUG=1",
					"$(inherited)",
				);
				GCC_WARN_UNINITIALIZED_AUTOS = YES_AGGRESSIVE;
				INFOPLIST_FILE = BuiltLoginTests/Info.plist;
				IPHONEOS_DEPLOYMENT_TARGET = 8.1;
				LD_RUNPATH_SEARCH_PATHS = "$(inherited) @executable_path/Frameworks @loader_path/Frameworks";
				MTL_ENABLE_DEBUG_INFO = YES;
				PRODUCT_NAME = "$(TARGET_NAME)";
				TEST_HOST = "$(BUILT_PRODUCTS_DIR)/BuiltLogin.app/BuiltLogin";
			};
			name = Debug;
		};
		235778BC1A23293C004CDFED /* Release */ = {
			isa = XCBuildConfiguration;
			buildSettings = {
				BUNDLE_LOADER = "$(TEST_HOST)";
				CLANG_WARN_UNREACHABLE_CODE = YES;
				ENABLE_STRICT_OBJC_MSGSEND = YES;
				FRAMEWORK_SEARCH_PATHS = (
					"$(SDKROOT)/Developer/Library/Frameworks",
					"$(inherited)",
				);
				GCC_WARN_UNINITIALIZED_AUTOS = YES_AGGRESSIVE;
				INFOPLIST_FILE = BuiltLoginTests/Info.plist;
				IPHONEOS_DEPLOYMENT_TARGET = 8.1;
				LD_RUNPATH_SEARCH_PATHS = "$(inherited) @executable_path/Frameworks @loader_path/Frameworks";
				MTL_ENABLE_DEBUG_INFO = NO;
				PRODUCT_NAME = "$(TARGET_NAME)";
				TEST_HOST = "$(BUILT_PRODUCTS_DIR)/BuiltLogin.app/BuiltLogin";
			};
			name = Release;
		};
		7DA603E418BDC24000ACB80D /* Debug */ = {
			isa = XCBuildConfiguration;
			buildSettings = {
				ALWAYS_SEARCH_USER_PATHS = NO;
				ARCHS = "$(ARCHS_STANDARD_INCLUDING_64_BIT)";
				CLANG_CXX_LANGUAGE_STANDARD = "gnu++0x";
				CLANG_CXX_LIBRARY = "libc++";
				CLANG_ENABLE_MODULES = YES;
				CLANG_ENABLE_OBJC_ARC = YES;
				CLANG_WARN_BOOL_CONVERSION = YES;
				CLANG_WARN_CONSTANT_CONVERSION = YES;
				CLANG_WARN_DIRECT_OBJC_ISA_USAGE = YES_ERROR;
				CLANG_WARN_EMPTY_BODY = YES;
				CLANG_WARN_ENUM_CONVERSION = YES;
				CLANG_WARN_INT_CONVERSION = YES;
				CLANG_WARN_OBJC_ROOT_CLASS = YES_ERROR;
				CLANG_WARN__DUPLICATE_METHOD_MATCH = YES;
				CODE_SIGN_IDENTITY = "iPhone Developer: Bhuvan Daruwala (43LY3UHLJE)";
				"CODE_SIGN_IDENTITY[sdk=iphoneos*]" = "iPhone Developer: Bhuvan Daruwala (43LY3UHLJE)";
				COPY_PHASE_STRIP = NO;
				GCC_C_LANGUAGE_STANDARD = gnu99;
				GCC_DYNAMIC_NO_PIC = NO;
				GCC_OPTIMIZATION_LEVEL = 0;
				GCC_PREPROCESSOR_DEFINITIONS = (
					"DEBUG=1",
					"$(inherited)",
				);
				GCC_SYMBOLS_PRIVATE_EXTERN = NO;
				GCC_WARN_64_TO_32_BIT_CONVERSION = YES;
				GCC_WARN_ABOUT_RETURN_TYPE = YES_ERROR;
				GCC_WARN_UNDECLARED_SELECTOR = YES;
				GCC_WARN_UNINITIALIZED_AUTOS = YES;
				GCC_WARN_UNUSED_FUNCTION = YES;
				GCC_WARN_UNUSED_VARIABLE = YES;
				IPHONEOS_DEPLOYMENT_TARGET = 7.0;
				ONLY_ACTIVE_ARCH = YES;
				OTHER_LDFLAGS = "-ObjC";
				SDKROOT = iphoneos;
				TARGETED_DEVICE_FAMILY = "1,2";
			};
			name = Debug;
		};
		7DA603E518BDC24000ACB80D /* Release */ = {
			isa = XCBuildConfiguration;
			buildSettings = {
				ALWAYS_SEARCH_USER_PATHS = NO;
				ARCHS = "$(ARCHS_STANDARD_INCLUDING_64_BIT)";
				CLANG_CXX_LANGUAGE_STANDARD = "gnu++0x";
				CLANG_CXX_LIBRARY = "libc++";
				CLANG_ENABLE_MODULES = YES;
				CLANG_ENABLE_OBJC_ARC = YES;
				CLANG_WARN_BOOL_CONVERSION = YES;
				CLANG_WARN_CONSTANT_CONVERSION = YES;
				CLANG_WARN_DIRECT_OBJC_ISA_USAGE = YES_ERROR;
				CLANG_WARN_EMPTY_BODY = YES;
				CLANG_WARN_ENUM_CONVERSION = YES;
				CLANG_WARN_INT_CONVERSION = YES;
				CLANG_WARN_OBJC_ROOT_CLASS = YES_ERROR;
				CLANG_WARN__DUPLICATE_METHOD_MATCH = YES;
				CODE_SIGN_IDENTITY = "iPhone Developer: Bhuvan Daruwala (43LY3UHLJE)";
				"CODE_SIGN_IDENTITY[sdk=iphoneos*]" = "iPhone Developer: Bhuvan Daruwala (43LY3UHLJE)";
				COPY_PHASE_STRIP = YES;
				ENABLE_NS_ASSERTIONS = NO;
				GCC_C_LANGUAGE_STANDARD = gnu99;
				GCC_WARN_64_TO_32_BIT_CONVERSION = YES;
				GCC_WARN_ABOUT_RETURN_TYPE = YES_ERROR;
				GCC_WARN_UNDECLARED_SELECTOR = YES;
				GCC_WARN_UNINITIALIZED_AUTOS = YES;
				GCC_WARN_UNUSED_FUNCTION = YES;
				GCC_WARN_UNUSED_VARIABLE = YES;
				IPHONEOS_DEPLOYMENT_TARGET = 7.0;
				OTHER_LDFLAGS = "-ObjC";
				SDKROOT = iphoneos;
				TARGETED_DEVICE_FAMILY = "1,2";
				VALIDATE_PRODUCT = YES;
			};
			name = Release;
		};
		7DA603E718BDC24000ACB80D /* Debug */ = {
			isa = XCBuildConfiguration;
			buildSettings = {
				ASSETCATALOG_COMPILER_LAUNCHIMAGE_NAME = LaunchImage;
				FRAMEWORK_SEARCH_PATHS = "$(SRCROOT)/../**";
				GCC_PRECOMPILE_PREFIX_HEADER = YES;
				GCC_PREFIX_HEADER = "BuiltLoginTutorial/BuiltLogin-Prefix.pch";
				INFOPLIST_FILE = "BuiltLoginTutorial/BuiltLogin-Info.plist";
				PRODUCT_NAME = BuiltLogin;
				TARGETED_DEVICE_FAMILY = 1;
				WRAPPER_EXTENSION = app;
			};
			name = Debug;
		};
		7DA603E818BDC24000ACB80D /* Release */ = {
			isa = XCBuildConfiguration;
			buildSettings = {
				ASSETCATALOG_COMPILER_LAUNCHIMAGE_NAME = LaunchImage;
				FRAMEWORK_SEARCH_PATHS = "$(SRCROOT)/../**";
				GCC_PRECOMPILE_PREFIX_HEADER = YES;
				GCC_PREFIX_HEADER = "BuiltLoginTutorial/BuiltLogin-Prefix.pch";
				INFOPLIST_FILE = "BuiltLoginTutorial/BuiltLogin-Info.plist";
				PRODUCT_NAME = BuiltLogin;
				TARGETED_DEVICE_FAMILY = 1;
				WRAPPER_EXTENSION = app;
			};
			name = Release;
		};
/* End XCBuildConfiguration section */

/* Begin XCConfigurationList section */
		235778BA1A23293C004CDFED /* Build configuration list for PBXNativeTarget "BuiltLoginTests" */ = {
			isa = XCConfigurationList;
			buildConfigurations = (
				235778BB1A23293C004CDFED /* Debug */,
				235778BC1A23293C004CDFED /* Release */,
			);
			defaultConfigurationIsVisible = 0;
			defaultConfigurationName = Release;
		};
		7DA603B518BDC24000ACB80D /* Build configuration list for PBXProject "BuiltLogin" */ = {
			isa = XCConfigurationList;
			buildConfigurations = (
				7DA603E418BDC24000ACB80D /* Debug */,
				7DA603E518BDC24000ACB80D /* Release */,
			);
			defaultConfigurationIsVisible = 0;
			defaultConfigurationName = Release;
		};
		7DA603E618BDC24000ACB80D /* Build configuration list for PBXNativeTarget "BuiltLogin" */ = {
			isa = XCConfigurationList;
			buildConfigurations = (
				7DA603E718BDC24000ACB80D /* Debug */,
				7DA603E818BDC24000ACB80D /* Release */,
			);
			defaultConfigurationIsVisible = 0;
			defaultConfigurationName = Release;
		};
/* End XCConfigurationList section */
	};
	rootObject = 7DA603B218BDC24000ACB80D /* Project object */;
}
